{
    "name": "entrenador-mental-app",
    "version": "1.0.0",
    "lockfileVersion": 3,
    "requires": true,
    "packages": {
        "": {
            "name": "entrenador-mental-app",
            "version": "1.0.0",
            "license": "ISC",
            "dependencies": {
                "nodemailer": "^8.0.2",
                "stripe": "^20.3.1"
            }
        },
        "node_modules/nodemailer": {
            "version": "8.0.3",
            "resolved": "https://registry.npmjs.org/nodemailer/-/nodemailer-8.0.3.tgz",
            "integrity": "sha512-JQNBqvK+bj3NMhUFR3wmCl3SYcOeMotDiwDBvIoCuQdF0PvlIY0BH+FJ2CG7u4cXKPChplE78oowlH/Otsc4ZQ==",
            "license": "MIT-0",
            "engines": {
                "node": ">=6.0.0"
            }
        },
        "node_modules/stripe": {
            "version": "20.4.1",
            "resolved": "https://registry.npmjs.org/stripe/-/stripe-20.4.1.tgz",
            "integrity": "sha512-axCguHItc8Sxt0HC6aSkdVRPffjYPV7EQqZRb2GkIa8FzWDycE7nHJM19C6xAIynH1Qp1/BHiopSi96jGBxT0w==",
            "license": "MIT",
            "engines": {
                "node": ">=16"
            },
            "peerDependencies": {
                "@types/node": ">=16"
            },
            "peerDependenciesMeta": {
                "@types/node": {
                    "optional": true
                }
            }
        }
    }
}
